# generated by rye
# use `rye lock` or `rye sync` to update this lockfile
#
# last locked with the following flags:
#   pre: false
#   features: []
#   all-features: false
#   with-sources: false
#   generate-hashes: false

-e file:.
click==8.1.7
    # via harlequin
    # via rich-click
    # via shandy-sqlfmt
dbtx==0.0.3
    # via dbt-f1
duckdb==1.1.1
    # via harlequin
harlequin==1.24.1
jinja2==3.1.4
    # via shandy-sqlfmt
linkify-it-py==2.0.3
    # via markdown-it-py
markdown-it-py==3.0.0
    # via mdit-py-plugins
    # via rich
    # via textual
markupsafe==2.1.5
    # via jinja2
mdit-py-plugins==0.4.2
    # via markdown-it-py
mdurl==0.1.2
    # via markdown-it-py
numpy==1.26.4
    # via harlequin
    # via pyarrow
platformdirs==4.3.6
    # via harlequin
    # via shandy-sqlfmt
prompt-toolkit==3.0.36
    # via questionary
pyarrow==17.0.0
    # via textual-fastdatatable
pygments==2.18.0
    # via rich
pyperclip==1.9.0
    # via textual-textarea
pyyaml==6.0.2
    # via dbtx
questionary==2.0.1
    # via harlequin
rich==13.8.1
    # via rich-click
    # via textual
rich-click==1.8.3
    # via harlequin
shandy-sqlfmt==0.23.2
    # via harlequin
textual==0.76.0
    # via harlequin
    # via textual-fastdatatable
    # via textual-textarea
textual-fastdatatable==0.9.0
    # via harlequin
textual-textarea==0.14.2
    # via harlequin
tomlkit==0.13.2
    # via harlequin
tqdm==4.66.5
    # via shandy-sqlfmt
tree-sitter==0.20.4
    # via textual
    # via tree-sitter-languages
tree-sitter-languages==1.10.2
    # via textual
typing-extensions==4.12.2
    # via rich-click
    # via textual
uc-micro-py==1.0.3
    # via linkify-it-py
uv==0.4.16
    # via dbtx
wcwidth==0.2.13
    # via prompt-toolkit
